
Microsoft Visual Studio Solution File, Format Version 12.00
# Visual Studio Version 17
VisualStudioVersion = 17.5.33502.453
MinimumVisualStudioVersion = 10.0.40219.1
Project("{FAE04EC0-301F-11D3-BF4B-00C04F79EFBC}") = "01_Introduction", "01_Introduction\01_Introduction.csproj", "{0F43408F-497D-4EEB-8EDC-6F517660F95C}"
EndProject
Global
	GlobalSection(SolutionConfigurationPlatforms) = preSolution
		Debug|Any CPU = Debug|Any CPU
		Release|Any CPU = Release|Any CPU
	EndGlobalSection
	GlobalSection(ProjectConfigurationPlatforms) = postSolution
		{0F43408F-497D-4EEB-8EDC-6F517660F95C}.Debug|Any CPU.ActiveCfg = Debug|Any CPU
		{0F43408F-497D-4EEB-8EDC-6F517660F95C}.Debug|Any CPU.Build.0 = Debug|Any CPU
		{0F43408F-497D-4EEB-8EDC-6F517660F95C}.Release|Any CPU.ActiveCfg = Release|Any CPU
		{0F43408F-497D-4EEB-8EDC-6F517660F95C}.Release|Any CPU.Build.0 = Release|Any CPU
	EndGlobalSection
	GlobalSection(SolutionProperties) = preSolution
		HideSolutionNode = FALSE
	EndGlobalSection
	GlobalSection(ExtensibilityGlobals) = postSolution
		SolutionGuid = {CB652B73-A2A3-4634-B765-653967DCAFA7}
	EndGlobalSection
EndGlobal
