
Microsoft Visual Studio Solution File, Format Version 12.00
# Visual Studio Version 17
VisualStudioVersion = 17.5.33502.453
MinimumVisualStudioVersion = 10.0.40219.1
Project("{FAE04EC0-301F-11D3-BF4B-00C04F79EFBC}") = "P01_Calculator", "P01_Calculator\P01_Calculator.csproj", "{E067806C-3A8B-4B91-A111-19A87355EFF9}"
EndProject
Project("{FAE04EC0-301F-11D3-BF4B-00C04F79EFBC}") = "P02_StringExercises", "P02_StringExercises\P02_StringExercises.csproj", "{C2AF3FC9-4C08-493A-8F5A-F932A6A8DAEA}"
EndProject
Global
	GlobalSection(SolutionConfigurationPlatforms) = preSolution
		Debug|Any CPU = Debug|Any CPU
		Release|Any CPU = Release|Any CPU
	EndGlobalSection
	GlobalSection(ProjectConfigurationPlatforms) = postSolution
		{E067806C-3A8B-4B91-A111-19A87355EFF9}.Debug|Any CPU.ActiveCfg = Debug|Any CPU
		{E067806C-3A8B-4B91-A111-19A87355EFF9}.Debug|Any CPU.Build.0 = Debug|Any CPU
		{E067806C-3A8B-4B91-A111-19A87355EFF9}.Release|Any CPU.ActiveCfg = Release|Any CPU
		{E067806C-3A8B-4B91-A111-19A87355EFF9}.Release|Any CPU.Build.0 = Release|Any CPU
		{C2AF3FC9-4C08-493A-8F5A-F932A6A8DAEA}.Debug|Any CPU.ActiveCfg = Debug|Any CPU
		{C2AF3FC9-4C08-493A-8F5A-F932A6A8DAEA}.Debug|Any CPU.Build.0 = Debug|Any CPU
		{C2AF3FC9-4C08-493A-8F5A-F932A6A8DAEA}.Release|Any CPU.ActiveCfg = Release|Any CPU
		{C2AF3FC9-4C08-493A-8F5A-F932A6A8DAEA}.Release|Any CPU.Build.0 = Release|Any CPU
	EndGlobalSection
	GlobalSection(SolutionProperties) = preSolution
		HideSolutionNode = FALSE
	EndGlobalSection
	GlobalSection(ExtensibilityGlobals) = postSolution
		SolutionGuid = {A3E715D3-19F4-44BA-BF45-DEC5EFD6DF74}
	EndGlobalSection
EndGlobal
