
Microsoft Visual Studio Solution File, Format Version 12.00
# Visual Studio Version 16
VisualStudioVersion = 25.0.1706.7
MinimumVisualStudioVersion = 10.0.40219.1
Project("{FAE04EC0-301F-11D3-BF4B-00C04F79EFBC}") = "P01_Students", "P01_Students\P01_Students.csproj", "{039398EE-E263-42D2-880E-BB964CF40A15}"
EndProject
Project("{FAE04EC0-301F-11D3-BF4B-00C04F79EFBC}") = "P02_SimpleGame", "P02_SimpleGame\P02_SimpleGame.csproj", "{5AF748F2-F438-416E-8208-9807A619EDA8}"
EndProject
Global
	GlobalSection(SolutionConfigurationPlatforms) = preSolution
		Debug|Any CPU = Debug|Any CPU
		Release|Any CPU = Release|Any CPU
	EndGlobalSection
	GlobalSection(ProjectConfigurationPlatforms) = postSolution
		{039398EE-E263-42D2-880E-BB964CF40A15}.Debug|Any CPU.ActiveCfg = Debug|Any CPU
		{039398EE-E263-42D2-880E-BB964CF40A15}.Debug|Any CPU.Build.0 = Debug|Any CPU
		{039398EE-E263-42D2-880E-BB964CF40A15}.Release|Any CPU.ActiveCfg = Release|Any CPU
		{039398EE-E263-42D2-880E-BB964CF40A15}.Release|Any CPU.Build.0 = Release|Any CPU
		{5AF748F2-F438-416E-8208-9807A619EDA8}.Debug|Any CPU.ActiveCfg = Debug|Any CPU
		{5AF748F2-F438-416E-8208-9807A619EDA8}.Debug|Any CPU.Build.0 = Debug|Any CPU
		{5AF748F2-F438-416E-8208-9807A619EDA8}.Release|Any CPU.ActiveCfg = Release|Any CPU
		{5AF748F2-F438-416E-8208-9807A619EDA8}.Release|Any CPU.Build.0 = Release|Any CPU
	EndGlobalSection
	GlobalSection(SolutionProperties) = preSolution
		HideSolutionNode = FALSE
	EndGlobalSection
	GlobalSection(ExtensibilityGlobals) = postSolution
		SolutionGuid = {F71705CF-EE48-48B1-B449-931BD6B487E9}
	EndGlobalSection
EndGlobal
